// !$*UTF8*$!
{
	archiveVersion = 1;
	classes = {
	};
	objectVersion = 56;
	objects = {

/* Begin PBXBuildFile section */
		7A51BF212923D7610050221B /* BlogApp.swift in Sources */ = {isa = PBXBuildFile; fileRef = 7A51BF202923D7610050221B /* BlogApp.swift */; };
		7A51BF232923D7610050221B /* ContentView.swift in Sources */ = {isa = PBXBuildFile; fileRef = 7A51BF222923D7610050221B /* ContentView.swift */; };
		7A51BF252923D7620050221B /* Assets.xcassets in Resources */ = {isa = PBXBuildFile; fileRef = 7A51BF242923D7620050221B /* Assets.xcassets */; };
		7A51BF282923D7620050221B /* Preview Assets.xcassets in Resources */ = {isa = PBXBuildFile; fileRef = 7A51BF272923D7620050221B /* Preview Assets.xcassets */; };
		7A51BF332923D7C10050221B /* UserListView.swift in Sources */ = {isa = PBXBuildFile; fileRef = 7A51BF322923D7C10050221B /* UserListView.swift */; };
		7A51BF352923DDDC0050221B /* User.swift in Sources */ = {isa = PBXBuildFile; fileRef = 7A51BF342923DDDC0050221B /* User.swift */; };
		7A51BF382923DEDD0050221B /* WebService.swift in Sources */ = {isa = PBXBuildFile; fileRef = 7A51BF372923DEDD0050221B /* WebService.swift */; };
		7A51BF3A2923DF070050221B /* UserModelView.swift in Sources */ = {isa = PBXBuildFile; fileRef = 7A51BF392923DF070050221B /* UserModelView.swift */; };
		7A51BF3C2923E2630050221B /* UserDetailView.swift in Sources */ = {isa = PBXBuildFile; fileRef = 7A51BF3B2923E2630050221B /* UserDetailView.swift */; };
		7A51BF422923E4360050221B /* Album.swift in Sources */ = {isa = PBXBuildFile; fileRef = 7A51BF412923E4360050221B /* Album.swift */; };
		7A51BF442923E4840050221B /* AlbumViewModel.swift in Sources */ = {isa = PBXBuildFile; fileRef = 7A51BF432923E4840050221B /* AlbumViewModel.swift */; };
		7A51BF462923E8530050221B /* AlbumView.swift in Sources */ = {isa = PBXBuildFile; fileRef = 7A51BF452923E8530050221B /* AlbumView.swift */; };
		7A51BF4C2923EDE10050221B /* Photo.swift in Sources */ = {isa = PBXBuildFile; fileRef = 7A51BF4B2923EDE10050221B /* Photo.swift */; };
		7A51BF4E2923EEB10050221B /* PhotoViewModel.swift in Sources */ = {isa = PBXBuildFile; fileRef = 7A51BF4D2923EEB10050221B /* PhotoViewModel.swift */; };
		7A51BF502923EF230050221B /* PhotosView.swift in Sources */ = {isa = PBXBuildFile; fileRef = 7A51BF4F2923EF230050221B /* PhotosView.swift */; };
/* End PBXBuildFile section */

/* Begin PBXFileReference section */
		7A51BF1D2923D7610050221B /* Blog.app */ = {isa = PBXFileReference; explicitFileType = wrapper.application; includeInIndex = 0; path = Blog.app; sourceTree = BUILT_PRODUCTS_DIR; };
		7A51BF202923D7610050221B /* BlogApp.swift */ = {isa = PBXFileReference; lastKnownFileType = sourcecode.swift; path = BlogApp.swift; sourceTree = "<group>"; };
		7A51BF222923D7610050221B /* ContentView.swift */ = {isa = PBXFileReference; lastKnownFileType = sourcecode.swift; path = ContentView.swift; sourceTree = "<group>"; };
		7A51BF242923D7620050221B /* Assets.xcassets */ = {isa = PBXFileReference; lastKnownFileType = folder.assetcatalog; path = Assets.xcassets; sourceTree = "<group>"; };
		7A51BF272923D7620050221B /* Preview Assets.xcassets */ = {isa = PBXFileReference; lastKnownFileType = folder.assetcatalog; path = "Preview Assets.xcassets"; sourceTree = "<group>"; };
		7A51BF322923D7C10050221B /* UserListView.swift */ = {isa = PBXFileReference; lastKnownFileType = sourcecode.swift; path = UserListView.swift; sourceTree = "<group>"; };
		7A51BF342923DDDC0050221B /* User.swift */ = {isa = PBXFileReference; lastKnownFileType = sourcecode.swift; path = User.swift; sourceTree = "<group>"; };
		7A51BF372923DEDD0050221B /* WebService.swift */ = {isa = PBXFileReference; lastKnownFileType = sourcecode.swift; path = WebService.swift; sourceTree = "<group>"; };
		7A51BF392923DF070050221B /* UserModelView.swift */ = {isa = PBXFileReference; lastKnownFileType = sourcecode.swift; path = UserModelView.swift; sourceTree = "<group>"; };
		7A51BF3B2923E2630050221B /* UserDetailView.swift */ = {isa = PBXFileReference; lastKnownFileType = sourcecode.swift; path = UserDetailView.swift; sourceTree = "<group>"; };
		7A51BF412923E4360050221B /* Album.swift */ = {isa = PBXFileReference; lastKnownFileType = sourcecode.swift; path = Album.swift; sourceTree = "<group>"; };
		7A51BF432923E4840050221B /* AlbumViewModel.swift */ = {isa = PBXFileReference; lastKnownFileType = sourcecode.swift; path = AlbumViewModel.swift; sourceTree = "<group>"; };
		7A51BF452923E8530050221B /* AlbumView.swift */ = {isa = PBXFileReference; lastKnownFileType = sourcecode.swift; path = AlbumView.swift; sourceTree = "<group>"; };
		7A51BF4B2923EDE10050221B /* Photo.swift */ = {isa = PBXFileReference; lastKnownFileType = sourcecode.swift; path = Photo.swift; sourceTree = "<group>"; };
		7A51BF4D2923EEB10050221B /* PhotoViewModel.swift */ = {isa = PBXFileReference; lastKnownFileType = sourcecode.swift; path = PhotoViewModel.swift; sourceTree = "<group>"; };
		7A51BF4F2923EF230050221B /* PhotosView.swift */ = {isa = PBXFileReference; lastKnownFileType = sourcecode.swift; path = PhotosView.swift; sourceTree = "<group>"; };
/* End PBXFileReference section */

/* Begin PBXFrameworksBuildPhase section */
		7A51BF1A2923D7610050221B /* Frameworks */ = {
			isa = PBXFrameworksBuildPhase;
			buildActionMask = 2147483647;
			files = (
			);
			runOnlyForDeploymentPostprocessing = 0;
		};
/* End PBXFrameworksBuildPhase section */

/* Begin PBXGroup section */
		7A51BF142923D7610050221B = {
			isa = PBXGroup;
			children = (
				7A51BF1F2923D7610050221B /* Blog */,
				7A51BF1E2923D7610050221B /* Products */,
			);
			sourceTree = "<group>";
		};
		7A51BF1E2923D7610050221B /* Products */ = {
			isa = PBXGroup;
			children = (
				7A51BF1D2923D7610050221B /* Blog.app */,
			);
			name = Products;
			sourceTree = "<group>";
		};
		7A51BF1F2923D7610050221B /* Blog */ = {
			isa = PBXGroup;
			children = (
				7A51BF472923ED9F0050221B /* Photos */,
				7A51BF3D2923E4040050221B /* Albums */,
				7A51BF362923DE820050221B /* Service */,
				7A51BF2E2923D7830050221B /* Users */,
				7A51BF202923D7610050221B /* BlogApp.swift */,
				7A51BF222923D7610050221B /* ContentView.swift */,
				7A51BF242923D7620050221B /* Assets.xcassets */,
				7A51BF262923D7620050221B /* Preview Content */,
			);
			path = Blog;
			sourceTree = "<group>";
		};
		7A51BF262923D7620050221B /* Preview Content */ = {
			isa = PBXGroup;
			children = (
				7A51BF272923D7620050221B /* Preview Assets.xcassets */,
			);
			path = "Preview Content";
			sourceTree = "<group>";
		};
		7A51BF2E2923D7830050221B /* Users */ = {
			isa = PBXGroup;
			children = (
				7A51BF312923D7AB0050221B /* Model */,
				7A51BF302923D79F0050221B /* ModelView */,
				7A51BF2F2923D7980050221B /* Views */,
			);
			path = Users;
			sourceTree = "<group>";
		};
		7A51BF2F2923D7980050221B /* Views */ = {
			isa = PBXGroup;
			children = (
				7A51BF322923D7C10050221B /* UserListView.swift */,
				7A51BF3B2923E2630050221B /* UserDetailView.swift */,
			);
			path = Views;
			sourceTree = "<group>";
		};
		7A51BF302923D79F0050221B /* ModelView */ = {
			isa = PBXGroup;
			children = (
				7A51BF392923DF070050221B /* UserModelView.swift */,
			);
			path = ModelView;
			sourceTree = "<group>";
		};
		7A51BF312923D7AB0050221B /* Model */ = {
			isa = PBXGroup;
			children = (
				7A51BF342923DDDC0050221B /* User.swift */,
			);
			path = Model;
			sourceTree = "<group>";
		};
		7A51BF362923DE820050221B /* Service */ = {
			isa = PBXGroup;
			children = (
				7A51BF372923DEDD0050221B /* WebService.swift */,
			);
			path = Service;
			sourceTree = "<group>";
		};
		7A51BF3D2923E4040050221B /* Albums */ = {
			isa = PBXGroup;
			children = (
				7A51BF402923E4210050221B /* ViewModel */,
				7A51BF3F2923E41B0050221B /* Model */,
				7A51BF3E2923E4120050221B /* Views */,
			);
			path = Albums;
			sourceTree = "<group>";
		};
		7A51BF3E2923E4120050221B /* Views */ = {
			isa = PBXGroup;
			children = (
				7A51BF452923E8530050221B /* AlbumView.swift */,
			);
			path = Views;
			sourceTree = "<group>";
		};
		7A51BF3F2923E41B0050221B /* Model */ = {
			isa = PBXGroup;
			children = (
				7A51BF412923E4360050221B /* Album.swift */,
			);
			path = Model;
			sourceTree = "<group>";
		};
		7A51BF402923E4210050221B /* ViewModel */ = {
			isa = PBXGroup;
			children = (
				7A51BF432923E4840050221B /* AlbumViewModel.swift */,
			);
			path = ViewModel;
			sourceTree = "<group>";
		};
		7A51BF472923ED9F0050221B /* Photos */ = {
			isa = PBXGroup;
			children = (
				7A51BF4A2923EDCE0050221B /* ViewModel */,
				7A51BF492923EDC60050221B /* Views */,
				7A51BF482923EDC00050221B /* Model */,
			);
			path = Photos;
			sourceTree = "<group>";
		};
		7A51BF482923EDC00050221B /* Model */ = {
			isa = PBXGroup;
			children = (
				7A51BF4B2923EDE10050221B /* Photo.swift */,
			);
			path = Model;
			sourceTree = "<group>";
		};
		7A51BF492923EDC60050221B /* Views */ = {
			isa = PBXGroup;
			children = (
				7A51BF4F2923EF230050221B /* PhotosView.swift */,
			);
			path = Views;
			sourceTree = "<group>";
		};
		7A51BF4A2923EDCE0050221B /* ViewModel */ = {
			isa = PBXGroup;
			children = (
				7A51BF4D2923EEB10050221B /* PhotoViewModel.swift */,
			);
			path = ViewModel;
			sourceTree = "<group>";
		};
/* End PBXGroup section */

/* Begin PBXNativeTarget section */
		7A51BF1C2923D7610050221B /* Blog */ = {
			isa = PBXNativeTarget;
			buildConfigurationList = 7A51BF2B2923D7620050221B /* Build configuration list for PBXNativeTarget "Blog" */;
			buildPhases = (
				7A51BF192923D7610050221B /* Sources */,
				7A51BF1A2923D7610050221B /* Frameworks */,
				7A51BF1B2923D7610050221B /* Resources */,
			);
			buildRules = (
			);
			dependencies = (
			);
			name = Blog;
			productName = Blog;
			productReference = 7A51BF1D2923D7610050221B /* Blog.app */;
			productType = "com.apple.product-type.application";
		};
/* End PBXNativeTarget section */

/* Begin PBXProject section */
		7A51BF152923D7610050221B /* Project object */ = {
			isa = PBXProject;
			attributes = {
				BuildIndependentTargetsInParallel = 1;
				LastSwiftUpdateCheck = 1410;
				LastUpgradeCheck = 1410;
				TargetAttributes = {
					7A51BF1C2923D7610050221B = {
						CreatedOnToolsVersion = 14.1;
					};
				};
			};
			buildConfigurationList = 7A51BF182923D7610050221B /* Build configuration list for PBXProject "Blog" */;
			compatibilityVersion = "Xcode 14.0";
			developmentRegion = en;
			hasScannedForEncodings = 0;
			knownRegions = (
				en,
				Base,
			);
			mainGroup = 7A51BF142923D7610050221B;
			productRefGroup = 7A51BF1E2923D7610050221B /* Products */;
			projectDirPath = "";
			projectRoot = "";
			targets = (
				7A51BF1C2923D7610050221B /* Blog */,
			);
		};
/* End PBXProject section */

/* Begin PBXResourcesBuildPhase section */
		7A51BF1B2923D7610050221B /* Resources */ = {
			isa = PBXResourcesBuildPhase;
			buildActionMask = 2147483647;
			files = (
				7A51BF282923D7620050221B /* Preview Assets.xcassets in Resources */,
				7A51BF252923D7620050221B /* Assets.xcassets in Resources */,
			);
			runOnlyForDeploymentPostprocessing = 0;
		};
/* End PBXResourcesBuildPhase section */

/* Begin PBXSourcesBuildPhase section */
		7A51BF192923D7610050221B /* Sources */ = {
			isa = PBXSourcesBuildPhase;
			buildActionMask = 2147483647;
			files = (
				7A51BF442923E4840050221B /* AlbumViewModel.swift in Sources */,
				7A51BF4E2923EEB10050221B /* PhotoViewModel.swift in Sources */,
				7A51BF352923DDDC0050221B /* User.swift in Sources */,
				7A51BF232923D7610050221B /* ContentView.swift in Sources */,
				7A51BF332923D7C10050221B /* UserListView.swift in Sources */,
				7A51BF3A2923DF070050221B /* UserModelView.swift in Sources */,
				7A51BF502923EF230050221B /* PhotosView.swift in Sources */,
				7A51BF3C2923E2630050221B /* UserDetailView.swift in Sources */,
				7A51BF382923DEDD0050221B /* WebService.swift in Sources */,
				7A51BF4C2923EDE10050221B /* Photo.swift in Sources */,
				7A51BF212923D7610050221B /* BlogApp.swift in Sources */,
				7A51BF462923E8530050221B /* AlbumView.swift in Sources */,
				7A51BF422923E4360050221B /* Album.swift in Sources */,
			);
			runOnlyForDeploymentPostprocessing = 0;
		};
/* End PBXSourcesBuildPhase section */

/* Begin XCBuildConfiguration section */
		7A51BF292923D7620050221B /* Debug */ = {
			isa = XCBuildConfiguration;
			buildSettings = {
				ALWAYS_SEARCH_USER_PATHS = NO;
				CLANG_ANALYZER_NONNULL = YES;
				CLANG_ANALYZER_NUMBER_OBJECT_CONVERSION = YES_AGGRESSIVE;
				CLANG_CXX_LANGUAGE_STANDARD = "gnu++20";
				CLANG_ENABLE_MODULES = YES;
				CLANG_ENABLE_OBJC_ARC = YES;
				CLANG_ENABLE_OBJC_WEAK = YES;
				CLANG_WARN_BLOCK_CAPTURE_AUTORELEASING = YES;
				CLANG_WARN_BOOL_CONVERSION = YES;
				CLANG_WARN_COMMA = YES;
				CLANG_WARN_CONSTANT_CONVERSION = YES;
				CLANG_WARN_DEPRECATED_OBJC_IMPLEMENTATIONS = YES;
				CLANG_WARN_DIRECT_OBJC_ISA_USAGE = YES_ERROR;
				CLANG_WARN_DOCUMENTATION_COMMENTS = YES;
				CLANG_WARN_EMPTY_BODY = YES;
				CLANG_WARN_ENUM_CONVERSION = YES;
				CLANG_WARN_INFINITE_RECURSION = YES;
				CLANG_WARN_INT_CONVERSION = YES;
				CLANG_WARN_NON_LITERAL_NULL_CONVERSION = YES;
				CLANG_WARN_OBJC_IMPLICIT_RETAIN_SELF = YES;
				CLANG_WARN_OBJC_LITERAL_CONVERSION = YES;
				CLANG_WARN_OBJC_ROOT_CLASS = YES_ERROR;
				CLANG_WARN_QUOTED_INCLUDE_IN_FRAMEWORK_HEADER = YES;
				CLANG_WARN_RANGE_LOOP_ANALYSIS = YES;
				CLANG_WARN_STRICT_PROTOTYPES = YES;
				CLANG_WARN_SUSPICIOUS_MOVE = YES;
				CLANG_WARN_UNGUARDED_AVAILABILITY = YES_AGGRESSIVE;
				CLANG_WARN_UNREACHABLE_CODE = YES;
				CLANG_WARN__DUPLICATE_METHOD_MATCH = YES;
				COPY_PHASE_STRIP = NO;
				DEBUG_INFORMATION_FORMAT = dwarf;
				ENABLE_STRICT_OBJC_MSGSEND = YES;
				ENABLE_TESTABILITY = YES;
				GCC_C_LANGUAGE_STANDARD = gnu11;
				GCC_DYNAMIC_NO_PIC = NO;
				GCC_NO_COMMON_BLOCKS = YES;
				GCC_OPTIMIZATION_LEVEL = 0;
				GCC_PREPROCESSOR_DEFINITIONS = (
					"DEBUG=1",
					"$(inherited)",
				);
				GCC_WARN_64_TO_32_BIT_CONVERSION = YES;
				GCC_WARN_ABOUT_RETURN_TYPE = YES_ERROR;
				GCC_WARN_UNDECLARED_SELECTOR = YES;
				GCC_WARN_UNINITIALIZED_AUTOS = YES_AGGRESSIVE;
				GCC_WARN_UNUSED_FUNCTION = YES;
				GCC_WARN_UNUSED_VARIABLE = YES;
				IPHONEOS_DEPLOYMENT_TARGET = 16.1;
				MTL_ENABLE_DEBUG_INFO = INCLUDE_SOURCE;
				MTL_FAST_MATH = YES;
				ONLY_ACTIVE_ARCH = YES;
				SDKROOT = iphoneos;
				SWIFT_ACTIVE_COMPILATION_CONDITIONS = DEBUG;
				SWIFT_OPTIMIZATION_LEVEL = "-Onone";
			};
			name = Debug;
		};
		7A51BF2A2923D7620050221B /* Release */ = {
			isa = XCBuildConfiguration;
			buildSettings = {
				ALWAYS_SEARCH_USER_PATHS = NO;
				CLANG_ANALYZER_NONNULL = YES;
				CLANG_ANALYZER_NUMBER_OBJECT_CONVERSION = YES_AGGRESSIVE;
				CLANG_CXX_LANGUAGE_STANDARD = "gnu++20";
				CLANG_ENABLE_MODULES = YES;
				CLANG_ENABLE_OBJC_ARC = YES;
				CLANG_ENABLE_OBJC_WEAK = YES;
				CLANG_WARN_BLOCK_CAPTURE_AUTORELEASING = YES;
				CLANG_WARN_BOOL_CONVERSION = YES;
				CLANG_WARN_COMMA = YES;
				CLANG_WARN_CONSTANT_CONVERSION = YES;
				CLANG_WARN_DEPRECATED_OBJC_IMPLEMENTATIONS = YES;
				CLANG_WARN_DIRECT_OBJC_ISA_USAGE = YES_ERROR;
				CLANG_WARN_DOCUMENTATION_COMMENTS = YES;
				CLANG_WARN_EMPTY_BODY = YES;
				CLANG_WARN_ENUM_CONVERSION = YES;
				CLANG_WARN_INFINITE_RECURSION = YES;
				CLANG_WARN_INT_CONVERSION = YES;
				CLANG_WARN_NON_LITERAL_NULL_CONVERSION = YES;
				CLANG_WARN_OBJC_IMPLICIT_RETAIN_SELF = YES;
				CLANG_WARN_OBJC_LITERAL_CONVERSION = YES;
				CLANG_WARN_OBJC_ROOT_CLASS = YES_ERROR;
				CLANG_WARN_QUOTED_INCLUDE_IN_FRAMEWORK_HEADER = YES;
				CLANG_WARN_RANGE_LOOP_ANALYSIS = YES;
				CLANG_WARN_STRICT_PROTOTYPES = YES;
				CLANG_WARN_SUSPICIOUS_MOVE = YES;
				CLANG_WARN_UNGUARDED_AVAILABILITY = YES_AGGRESSIVE;
				CLANG_WARN_UNREACHABLE_CODE = YES;
				CLANG_WARN__DUPLICATE_METHOD_MATCH = YES;
				COPY_PHASE_STRIP = NO;
				DEBUG_INFORMATION_FORMAT = "dwarf-with-dsym";
				ENABLE_NS_ASSERTIONS = NO;
				ENABLE_STRICT_OBJC_MSGSEND = YES;
				GCC_C_LANGUAGE_STANDARD = gnu11;
				GCC_NO_COMMON_BLOCKS = YES;
				GCC_WARN_64_TO_32_BIT_CONVERSION = YES;
				GCC_WARN_ABOUT_RETURN_TYPE = YES_ERROR;
				GCC_WARN_UNDECLARED_SELECTOR = YES;
				GCC_WARN_UNINITIALIZED_AUTOS = YES_AGGRESSIVE;
				GCC_WARN_UNUSED_FUNCTION = YES;
				GCC_WARN_UNUSED_VARIABLE = YES;
				IPHONEOS_DEPLOYMENT_TARGET = 16.1;
				MTL_ENABLE_DEBUG_INFO = NO;
				MTL_FAST_MATH = YES;
				SDKROOT = iphoneos;
				SWIFT_COMPILATION_MODE = wholemodule;
				SWIFT_OPTIMIZATION_LEVEL = "-O";
				VALIDATE_PRODUCT = YES;
			};
			name = Release;
		};
		7A51BF2C2923D7620050221B /* Debug */ = {
			isa = XCBuildConfiguration;
			buildSettings = {
				ASSETCATALOG_COMPILER_APPICON_NAME = AppIcon;
				ASSETCATALOG_COMPILER_GLOBAL_ACCENT_COLOR_NAME = AccentColor;
				CODE_SIGN_STYLE = Automatic;
				CURRENT_PROJECT_VERSION = 1;
				DEVELOPMENT_ASSET_PATHS = "\"Blog/Preview Content\"";
				DEVELOPMENT_TEAM = E9WWHWDDTX;
				ENABLE_PREVIEWS = YES;
				GENERATE_INFOPLIST_FILE = YES;
				INFOPLIST_KEY_UIApplicationSceneManifest_Generation = YES;
				INFOPLIST_KEY_UIApplicationSupportsIndirectInputEvents = YES;
				INFOPLIST_KEY_UILaunchScreen_Generation = YES;
				INFOPLIST_KEY_UISupportedInterfaceOrientations_iPad = "UIInterfaceOrientationPortrait UIInterfaceOrientationPortraitUpsideDown UIInterfaceOrientationLandscapeLeft UIInterfaceOrientationLandscapeRight";
				INFOPLIST_KEY_UISupportedInterfaceOrientations_iPhone = "UIInterfaceOrientationPortrait UIInterfaceOrientationLandscapeLeft UIInterfaceOrientationLandscapeRight";
				LD_RUNPATH_SEARCH_PATHS = (
					"$(inherited)",
					"@executable_path/Frameworks",
				);
				MARKETING_VERSION = 1.0;
				PRODUCT_BUNDLE_IDENTIFIER = com.tibirabotto.Blog;
				PRODUCT_NAME = "$(TARGET_NAME)";
				SWIFT_EMIT_LOC_STRINGS = YES;
				SWIFT_VERSION = 5.0;
				TARGETED_DEVICE_FAMILY = "1,2";
			};
			name = Debug;
		};
		7A51BF2D2923D7620050221B /* Release */ = {
			isa = XCBuildConfiguration;
			buildSettings = {
				ASSETCATALOG_COMPILER_APPICON_NAME = AppIcon;
				ASSETCATALOG_COMPILER_GLOBAL_ACCENT_COLOR_NAME = AccentColor;
				CODE_SIGN_STYLE = Automatic;
				CURRENT_PROJECT_VERSION = 1;
				DEVELOPMENT_ASSET_PATHS = "\"Blog/Preview Content\"";
				DEVELOPMENT_TEAM = E9WWHWDDTX;
				ENABLE_PREVIEWS = YES;
				GENERATE_INFOPLIST_FILE = YES;
				INFOPLIST_KEY_UIApplicationSceneManifest_Generation = YES;
				INFOPLIST_KEY_UIApplicationSupportsIndirectInputEvents = YES;
				INFOPLIST_KEY_UILaunchScreen_Generation = YES;
				INFOPLIST_KEY_UISupportedInterfaceOrientations_iPad = "UIInterfaceOrientationPortrait UIInterfaceOrientationPortraitUpsideDown UIInterfaceOrientationLandscapeLeft UIInterfaceOrientationLandscapeRight";
				INFOPLIST_KEY_UISupportedInterfaceOrientations_iPhone = "UIInterfaceOrientationPortrait UIInterfaceOrientationLandscapeLeft UIInterfaceOrientationLandscapeRight";
				LD_RUNPATH_SEARCH_PATHS = (
					"$(inherited)",
					"@executable_path/Frameworks",
				);
				MARKETING_VERSION = 1.0;
				PRODUCT_BUNDLE_IDENTIFIER = com.tibirabotto.Blog;
				PRODUCT_NAME = "$(TARGET_NAME)";
				SWIFT_EMIT_LOC_STRINGS = YES;
				SWIFT_VERSION = 5.0;
				TARGETED_DEVICE_FAMILY = "1,2";
			};
			name = Release;
		};
/* End XCBuildConfiguration section */

/* Begin XCConfigurationList section */
		7A51BF182923D7610050221B /* Build configuration list for PBXProject "Blog" */ = {
			isa = XCConfigurationList;
			buildConfigurations = (
				7A51BF292923D7620050221B /* Debug */,
				7A51BF2A2923D7620050221B /* Release */,
			);
			defaultConfigurationIsVisible = 0;
			defaultConfigurationName = Release;
		};
		7A51BF2B2923D7620050221B /* Build configuration list for PBXNativeTarget "Blog" */ = {
			isa = XCConfigurationList;
			buildConfigurations = (
				7A51BF2C2923D7620050221B /* Debug */,
				7A51BF2D2923D7620050221B /* Release */,
			);
			defaultConfigurationIsVisible = 0;
			defaultConfigurationName = Release;
		};
/* End XCConfigurationList section */
	};
	rootObject = 7A51BF152923D7610050221B /* Project object */;
}
